
Microsoft Visual Studio Solution File, Format Version 12.00
# Visual Studio 15
VisualStudioVersion = 15.0.27703.2042
MinimumVisualStudioVersion = 10.0.40219.1
Project("{9A19103F-16F7-4668-BE54-9A1E7A4F7556}") = "neon.src", "neon.src\neon.src.csproj", "{23FE1790-9B56-4BD3-92E0-D275422436E2}"
	ProjectSection(ProjectDependencies) = postProject
		{877F915B-A394-40A2-9C70-3DF1DEC7B846} = {877F915B-A394-40A2-9C70-3DF1DEC7B846}
		{E8E3D2E3-FACF-4719-B5C7-431A79EF7914} = {E8E3D2E3-FACF-4719-B5C7-431A79EF7914}
	EndProjectSection
EndProject
Project("{9A19103F-16F7-4668-BE54-9A1E7A4F7556}") = "vercopytool", "vercopytool\vercopytool.csproj", "{877F915B-A394-40A2-9C70-3DF1DEC7B846}"
EndProject
Project("{9A19103F-16F7-4668-BE54-9A1E7A4F7556}") = "Neo.SmartContract.Framework", "Neo.SmartContract.Framework\Neo.SmartContract.Framework.csproj", "{E8E3D2E3-FACF-4719-B5C7-431A79EF7914}"
EndProject
Project("{9A19103F-16F7-4668-BE54-9A1E7A4F7556}") = "neon.builder.core", "neon.builder.core\neon.builder.core.csproj", "{A098EF10-28FF-4F37-BC5A-80B86D17FD7D}"
EndProject
Global
	GlobalSection(SolutionConfigurationPlatforms) = preSolution
		Debug|Any CPU = Debug|Any CPU
		Release|Any CPU = Release|Any CPU
	EndGlobalSection
	GlobalSection(ProjectConfigurationPlatforms) = postSolution
		{23FE1790-9B56-4BD3-92E0-D275422436E2}.Debug|Any CPU.ActiveCfg = Debug|Any CPU
		{23FE1790-9B56-4BD3-92E0-D275422436E2}.Debug|Any CPU.Build.0 = Debug|Any CPU
		{23FE1790-9B56-4BD3-92E0-D275422436E2}.Release|Any CPU.ActiveCfg = Release|Any CPU
		{23FE1790-9B56-4BD3-92E0-D275422436E2}.Release|Any CPU.Build.0 = Release|Any CPU
		{877F915B-A394-40A2-9C70-3DF1DEC7B846}.Debug|Any CPU.ActiveCfg = Debug|Any CPU
		{877F915B-A394-40A2-9C70-3DF1DEC7B846}.Debug|Any CPU.Build.0 = Debug|Any CPU
		{877F915B-A394-40A2-9C70-3DF1DEC7B846}.Release|Any CPU.ActiveCfg = Release|Any CPU
		{877F915B-A394-40A2-9C70-3DF1DEC7B846}.Release|Any CPU.Build.0 = Release|Any CPU
		{E8E3D2E3-FACF-4719-B5C7-431A79EF7914}.Debug|Any CPU.ActiveCfg = Debug|Any CPU
		{E8E3D2E3-FACF-4719-B5C7-431A79EF7914}.Debug|Any CPU.Build.0 = Debug|Any CPU
		{E8E3D2E3-FACF-4719-B5C7-431A79EF7914}.Release|Any CPU.ActiveCfg = Release|Any CPU
		{E8E3D2E3-FACF-4719-B5C7-431A79EF7914}.Release|Any CPU.Build.0 = Release|Any CPU
		{A098EF10-28FF-4F37-BC5A-80B86D17FD7D}.Debug|Any CPU.ActiveCfg = Debug|Any CPU
		{A098EF10-28FF-4F37-BC5A-80B86D17FD7D}.Debug|Any CPU.Build.0 = Debug|Any CPU
		{A098EF10-28FF-4F37-BC5A-80B86D17FD7D}.Release|Any CPU.ActiveCfg = Release|Any CPU
		{A098EF10-28FF-4F37-BC5A-80B86D17FD7D}.Release|Any CPU.Build.0 = Release|Any CPU
	EndGlobalSection
	GlobalSection(SolutionProperties) = preSolution
		HideSolutionNode = FALSE
	EndGlobalSection
	GlobalSection(ExtensibilityGlobals) = postSolution
		SolutionGuid = {6DCB1FD7-5E34-41CB-8E73-6B49686A6863}
	EndGlobalSection
EndGlobal
