
Microsoft Visual Studio Solution File, Format Version 12.00
# Visual Studio 15
VisualStudioVersion = 15.0.28010.2003
MinimumVisualStudioVersion = 10.0.40219.1
Project("{FAE04EC0-301F-11D3-BF4B-00C04F79EFBC}") = "neo_outcallwatcher", "neo_outcallwatcher\neo_outcallwatcher.csproj", "{BEEC3EDC-F856-4CF2-A0A3-4A3CE31F126E}"
EndProject
Project("{9A19103F-16F7-4668-BE54-9A1E7A4F7556}") = "lib_neo_outcall_s", "lib_neo_outcall_s\lib_neo_outcall_s.csproj", "{6090A175-3541-4CC9-B18D-6F33A3A5866A}"
EndProject
Global
	GlobalSection(SolutionConfigurationPlatforms) = preSolution
		Debug|Any CPU = Debug|Any CPU
		Release|Any CPU = Release|Any CPU
	EndGlobalSection
	GlobalSection(ProjectConfigurationPlatforms) = postSolution
		{BEEC3EDC-F856-4CF2-A0A3-4A3CE31F126E}.Debug|Any CPU.ActiveCfg = Debug|Any CPU
		{BEEC3EDC-F856-4CF2-A0A3-4A3CE31F126E}.Debug|Any CPU.Build.0 = Debug|Any CPU
		{BEEC3EDC-F856-4CF2-A0A3-4A3CE31F126E}.Release|Any CPU.ActiveCfg = Release|Any CPU
		{BEEC3EDC-F856-4CF2-A0A3-4A3CE31F126E}.Release|Any CPU.Build.0 = Release|Any CPU
		{6090A175-3541-4CC9-B18D-6F33A3A5866A}.Debug|Any CPU.ActiveCfg = Debug|Any CPU
		{6090A175-3541-4CC9-B18D-6F33A3A5866A}.Debug|Any CPU.Build.0 = Debug|Any CPU
		{6090A175-3541-4CC9-B18D-6F33A3A5866A}.Release|Any CPU.ActiveCfg = Release|Any CPU
		{6090A175-3541-4CC9-B18D-6F33A3A5866A}.Release|Any CPU.Build.0 = Release|Any CPU
	EndGlobalSection
	GlobalSection(SolutionProperties) = preSolution
		HideSolutionNode = FALSE
	EndGlobalSection
	GlobalSection(ExtensibilityGlobals) = postSolution
		SolutionGuid = {5842601D-709F-41AF-A119-AD513B3BCB2C}
	EndGlobalSection
EndGlobal
