
Microsoft Visual Studio Solution File, Format Version 12.00
# Visual Studio 15
VisualStudioVersion = 15.0.28010.2026
MinimumVisualStudioVersion = 10.0.40219.1
Project("{9A19103F-16F7-4668-BE54-9A1E7A4F7556}") = "btwatch", "btwatch\btwatch.csproj", "{BBA96ECE-66ED-41BA-A47B-B68FE055E47C}"
EndProject
Project("{2150E333-8FDC-42A3-9474-1A3956D46DE8}") = "Solution Items", "Solution Items", "{6E7BEB58-04D0-430D-B427-3C1B060FEF21}"
	ProjectSection(SolutionItems) = preProject
		readme.md = readme.md
	EndProjectSection
EndProject
Global
	GlobalSection(SolutionConfigurationPlatforms) = preSolution
		Debug|Any CPU = Debug|Any CPU
		Release|Any CPU = Release|Any CPU
	EndGlobalSection
	GlobalSection(ProjectConfigurationPlatforms) = postSolution
		{BBA96ECE-66ED-41BA-A47B-B68FE055E47C}.Debug|Any CPU.ActiveCfg = Debug|Any CPU
		{BBA96ECE-66ED-41BA-A47B-B68FE055E47C}.Debug|Any CPU.Build.0 = Debug|Any CPU
		{BBA96ECE-66ED-41BA-A47B-B68FE055E47C}.Release|Any CPU.ActiveCfg = Release|Any CPU
		{BBA96ECE-66ED-41BA-A47B-B68FE055E47C}.Release|Any CPU.Build.0 = Release|Any CPU
	EndGlobalSection
	GlobalSection(SolutionProperties) = preSolution
		HideSolutionNode = FALSE
	EndGlobalSection
	GlobalSection(ExtensibilityGlobals) = postSolution
		SolutionGuid = {52F5E514-4903-4865-9C9C-1136824335B4}
	EndGlobalSection
EndGlobal
